
Microsoft Visual Studio Solution File, Format Version 12.00
# Visual Studio Version 17
VisualStudioVersion = 17.14.36518.9 d17.14
MinimumVisualStudioVersion = 10.0.40219.1
Project("{FAE04EC0-301F-11D3-BF4B-00C04F79EFBC}") = "EgitimKayit", "EgitimKayit\EgitimKayit.csproj", "{3899C9FD-7301-4FE1-B107-7BB89658981A}"
EndProject
Global
	GlobalSection(SolutionConfigurationPlatforms) = preSolution
		Debug|Any CPU = Debug|Any CPU
		Release|Any CPU = Release|Any CPU
	EndGlobalSection
	GlobalSection(ProjectConfigurationPlatforms) = postSolution
		{3899C9FD-7301-4FE1-B107-7BB89658981A}.Debug|Any CPU.ActiveCfg = Debug|Any CPU
		{3899C9FD-7301-4FE1-B107-7BB89658981A}.Debug|Any CPU.Build.0 = Debug|Any CPU
		{3899C9FD-7301-4FE1-B107-7BB89658981A}.Release|Any CPU.ActiveCfg = Release|Any CPU
		{3899C9FD-7301-4FE1-B107-7BB89658981A}.Release|Any CPU.Build.0 = Release|Any CPU
	EndGlobalSection
	GlobalSection(SolutionProperties) = preSolution
		HideSolutionNode = FALSE
	EndGlobalSection
	GlobalSection(ExtensibilityGlobals) = postSolution
		SolutionGuid = {FFCB3C3D-0F43-49C8-8420-05879D21F494}
	EndGlobalSection
EndGlobal
